// !$*UTF8*$!
{
	archiveVersion = 1;
	classes = {
	};
	objectVersion = 46;
	objects = {

/* Begin PBXBuildFile section */
		02FA1A9A1E76DC5700694C86 /* AppDelegate.swift in Sources */ = {isa = PBXBuildFile; fileRef = 02FA1A991E76DC5700694C86 /* AppDelegate.swift */; };
		02FA1A9C1E76DC5700694C86 /* ViewController.swift in Sources */ = {isa = PBXBuildFile; fileRef = 02FA1A9B1E76DC5700694C86 /* ViewController.swift */; };
		02FA1A9F1E76DC5700694C86 /* Main.storyboard in Resources */ = {isa = PBXBuildFile; fileRef = 02FA1A9D1E76DC5700694C86 /* Main.storyboard */; };
		02FA1AA11E76DC5700694C86 /* Assets.xcassets in Resources */ = {isa = PBXBuildFile; fileRef = 02FA1AA01E76DC5700694C86 /* Assets.xcassets */; };
		02FA1AA41E76DC5700694C86 /* LaunchScreen.storyboard in Resources */ = {isa = PBXBuildFile; fileRef = 02FA1AA21E76DC5700694C86 /* LaunchScreen.storyboard */; };
		02FA1AB41E76DD9600694C86 /* FastlaneTest-Debug-Production.xcconfig in Resources */ = {isa = PBXBuildFile; fileRef = 02FA1AAF1E76DD9600694C86 /* FastlaneTest-Debug-Production.xcconfig */; };
		02FA1AB51E76DD9600694C86 /* FastlaneTest-Debug-Staging.xcconfig in Resources */ = {isa = PBXBuildFile; fileRef = 02FA1AB01E76DD9600694C86 /* FastlaneTest-Debug-Staging.xcconfig */; };
		02FA1AB61E76DD9600694C86 /* FastlaneTest-Release-Production.xcconfig in Resources */ = {isa = PBXBuildFile; fileRef = 02FA1AB11E76DD9600694C86 /* FastlaneTest-Release-Production.xcconfig */; };
		02FA1AB71E76DD9600694C86 /* FastlaneTest-Release-Staging.xcconfig in Resources */ = {isa = PBXBuildFile; fileRef = 02FA1AB21E76DD9600694C86 /* FastlaneTest-Release-Staging.xcconfig */; };
		02FA1AB81E76DD9600694C86 /* FastlaneTest.xcconfig in Resources */ = {isa = PBXBuildFile; fileRef = 02FA1AB31E76DD9600694C86 /* FastlaneTest.xcconfig */; };
		BEABE4CF1E7C11F700DB53FD /* FastlaneTestUITests.swift in Sources */ = {isa = PBXBuildFile; fileRef = BEABE4CE1E7C11F700DB53FD /* FastlaneTestUITests.swift */; };
		BEABE4D91E7C14EE00DB53FD /* SnapshotHelper.swift in Sources */ = {isa = PBXBuildFile; fileRef = BEABE4D81E7C14EE00DB53FD /* SnapshotHelper.swift */; };
/* End PBXBuildFile section */

/* Begin PBXContainerItemProxy section */
		BEABE4D11E7C11F700DB53FD /* PBXContainerItemProxy */ = {
			isa = PBXContainerItemProxy;
			containerPortal = 02FA1A8E1E76DC5700694C86 /* Project object */;
			proxyType = 1;
			remoteGlobalIDString = 02FA1A951E76DC5700694C86;
			remoteInfo = FastlaneTest;
		};
/* End PBXContainerItemProxy section */

/* Begin PBXFileReference section */
		02FA1A961E76DC5700694C86 /* FastlaneTest.app */ = {isa = PBXFileReference; explicitFileType = wrapper.application; includeInIndex = 0; path = FastlaneTest.app; sourceTree = BUILT_PRODUCTS_DIR; };
		02FA1A991E76DC5700694C86 /* AppDelegate.swift */ = {isa = PBXFileReference; lastKnownFileType = sourcecode.swift; path = AppDelegate.swift; sourceTree = "<group>"; };
		02FA1A9B1E76DC5700694C86 /* ViewController.swift */ = {isa = PBXFileReference; lastKnownFileType = sourcecode.swift; path = ViewController.swift; sourceTree = "<group>"; };
		02FA1A9E1E76DC5700694C86 /* Base */ = {isa = PBXFileReference; lastKnownFileType = file.storyboard; name = Base; path = Base.lproj/Main.storyboard; sourceTree = "<group>"; };
		02FA1AA01E76DC5700694C86 /* Assets.xcassets */ = {isa = PBXFileReference; lastKnownFileType = folder.assetcatalog; path = Assets.xcassets; sourceTree = "<group>"; };
		02FA1AA31E76DC5700694C86 /* Base */ = {isa = PBXFileReference; lastKnownFileType = file.storyboard; name = Base; path = Base.lproj/LaunchScreen.storyboard; sourceTree = "<group>"; };
		02FA1AA51E76DC5700694C86 /* Info.plist */ = {isa = PBXFileReference; lastKnownFileType = text.plist.xml; path = Info.plist; sourceTree = "<group>"; };
		02FA1AAF1E76DD9600694C86 /* FastlaneTest-Debug-Production.xcconfig */ = {isa = PBXFileReference; fileEncoding = 4; lastKnownFileType = text.xcconfig; path = "FastlaneTest-Debug-Production.xcconfig"; sourceTree = "<group>"; };
		02FA1AB01E76DD9600694C86 /* FastlaneTest-Debug-Staging.xcconfig */ = {isa = PBXFileReference; fileEncoding = 4; lastKnownFileType = text.xcconfig; path = "FastlaneTest-Debug-Staging.xcconfig"; sourceTree = "<group>"; };
		02FA1AB11E76DD9600694C86 /* FastlaneTest-Release-Production.xcconfig */ = {isa = PBXFileReference; fileEncoding = 4; lastKnownFileType = text.xcconfig; path = "FastlaneTest-Release-Production.xcconfig"; sourceTree = "<group>"; };
		02FA1AB21E76DD9600694C86 /* FastlaneTest-Release-Staging.xcconfig */ = {isa = PBXFileReference; fileEncoding = 4; lastKnownFileType = text.xcconfig; path = "FastlaneTest-Release-Staging.xcconfig"; sourceTree = "<group>"; };
		02FA1AB31E76DD9600694C86 /* FastlaneTest.xcconfig */ = {isa = PBXFileReference; fileEncoding = 4; lastKnownFileType = text.xcconfig; path = FastlaneTest.xcconfig; sourceTree = "<group>"; };
		BEABE4CC1E7C11F700DB53FD /* FastlaneTestUITests.xctest */ = {isa = PBXFileReference; explicitFileType = wrapper.cfbundle; includeInIndex = 0; path = FastlaneTestUITests.xctest; sourceTree = BUILT_PRODUCTS_DIR; };
		BEABE4CE1E7C11F700DB53FD /* FastlaneTestUITests.swift */ = {isa = PBXFileReference; lastKnownFileType = sourcecode.swift; path = FastlaneTestUITests.swift; sourceTree = "<group>"; };
		BEABE4D01E7C11F700DB53FD /* Info.plist */ = {isa = PBXFileReference; lastKnownFileType = text.plist.xml; path = Info.plist; sourceTree = "<group>"; };
		BEABE4D81E7C14EE00DB53FD /* SnapshotHelper.swift */ = {isa = PBXFileReference; fileEncoding = 4; lastKnownFileType = sourcecode.swift; name = SnapshotHelper.swift; path = fastlane/SnapshotHelper.swift; sourceTree = SOURCE_ROOT; };
		BED453891E7C1A100031025B /* de */ = {isa = PBXFileReference; lastKnownFileType = text.plist.strings; name = de; path = de.lproj/Main.strings; sourceTree = "<group>"; };
		BED4538A1E7C1A470031025B /* it */ = {isa = PBXFileReference; lastKnownFileType = text.plist.strings; name = it; path = it.lproj/Main.strings; sourceTree = "<group>"; };
		BED4538B1E7C1A590031025B /* pt-PT */ = {isa = PBXFileReference; lastKnownFileType = text.plist.strings; name = "pt-PT"; path = "pt-PT.lproj/Main.strings"; sourceTree = "<group>"; };
		BED4538C1E7C1A700031025B /* pl */ = {isa = PBXFileReference; lastKnownFileType = text.plist.strings; name = pl; path = pl.lproj/Main.strings; sourceTree = "<group>"; };
/* End PBXFileReference section */

/* Begin PBXFrameworksBuildPhase section */
		02FA1A931E76DC5700694C86 /* Frameworks */ = {
			isa = PBXFrameworksBuildPhase;
			buildActionMask = 2147483647;
			files = (
			);
			runOnlyForDeploymentPostprocessing = 0;
		};
		BEABE4C91E7C11F700DB53FD /* Frameworks */ = {
			isa = PBXFrameworksBuildPhase;
			buildActionMask = 2147483647;
			files = (
			);
			runOnlyForDeploymentPostprocessing = 0;
		};
/* End PBXFrameworksBuildPhase section */

/* Begin PBXGroup section */
		02FA1A8D1E76DC5700694C86 = {
			isa = PBXGroup;
			children = (
				02FA1A981E76DC5700694C86 /* FastlaneTest */,
				BEABE4CD1E7C11F700DB53FD /* FastlaneTestUITests */,
				02FA1A971E76DC5700694C86 /* Products */,
			);
			sourceTree = "<group>";
		};
		02FA1A971E76DC5700694C86 /* Products */ = {
			isa = PBXGroup;
			children = (
				02FA1A961E76DC5700694C86 /* FastlaneTest.app */,
				BEABE4CC1E7C11F700DB53FD /* FastlaneTestUITests.xctest */,
			);
			name = Products;
			sourceTree = "<group>";
		};
		02FA1A981E76DC5700694C86 /* FastlaneTest */ = {
			isa = PBXGroup;
			children = (
				02FA1AAE1E76DD7900694C86 /* Configs */,
				02FA1A991E76DC5700694C86 /* AppDelegate.swift */,
				02FA1A9B1E76DC5700694C86 /* ViewController.swift */,
				02FA1A9D1E76DC5700694C86 /* Main.storyboard */,
				02FA1AA01E76DC5700694C86 /* Assets.xcassets */,
				02FA1AA21E76DC5700694C86 /* LaunchScreen.storyboard */,
				02FA1AA51E76DC5700694C86 /* Info.plist */,
			);
			path = FastlaneTest;
			sourceTree = "<group>";
		};
		02FA1AAE1E76DD7900694C86 /* Configs */ = {
			isa = PBXGroup;
			children = (
				02FA1AAF1E76DD9600694C86 /* FastlaneTest-Debug-Production.xcconfig */,
				02FA1AB01E76DD9600694C86 /* FastlaneTest-Debug-Staging.xcconfig */,
				02FA1AB11E76DD9600694C86 /* FastlaneTest-Release-Production.xcconfig */,
				02FA1AB21E76DD9600694C86 /* FastlaneTest-Release-Staging.xcconfig */,
				02FA1AB31E76DD9600694C86 /* FastlaneTest.xcconfig */,
			);
			name = Configs;
			path = ../configs;
			sourceTree = "<group>";
		};
		BEABE4CD1E7C11F700DB53FD /* FastlaneTestUITests */ = {
			isa = PBXGroup;
			children = (
				BEABE4D81E7C14EE00DB53FD /* SnapshotHelper.swift */,
				BEABE4CE1E7C11F700DB53FD /* FastlaneTestUITests.swift */,
				BEABE4D01E7C11F700DB53FD /* Info.plist */,
			);
			path = FastlaneTestUITests;
			sourceTree = "<group>";
		};
/* End PBXGroup section */

/* Begin PBXNativeTarget section */
		02FA1A951E76DC5700694C86 /* FastlaneTest */ = {
			isa = PBXNativeTarget;
			buildConfigurationList = 02FA1AA81E76DC5700694C86 /* Build configuration list for PBXNativeTarget "FastlaneTest" */;
			buildPhases = (
				02FA1A921E76DC5700694C86 /* Sources */,
				02FA1A931E76DC5700694C86 /* Frameworks */,
				02FA1A941E76DC5700694C86 /* Resources */,
			);
			buildRules = (
			);
			dependencies = (
			);
			name = FastlaneTest;
			productName = FastlaneTest;
			productReference = 02FA1A961E76DC5700694C86 /* FastlaneTest.app */;
			productType = "com.apple.product-type.application";
		};
		BEABE4CB1E7C11F700DB53FD /* FastlaneTestUITests */ = {
			isa = PBXNativeTarget;
			buildConfigurationList = BEABE4D71E7C11F700DB53FD /* Build configuration list for PBXNativeTarget "FastlaneTestUITests" */;
			buildPhases = (
				BEABE4C81E7C11F700DB53FD /* Sources */,
				BEABE4C91E7C11F700DB53FD /* Frameworks */,
				BEABE4CA1E7C11F700DB53FD /* Resources */,
			);
			buildRules = (
			);
			dependencies = (
				BEABE4D21E7C11F700DB53FD /* PBXTargetDependency */,
			);
			name = FastlaneTestUITests;
			productName = FastlaneTestUITests;
			productReference = BEABE4CC1E7C11F700DB53FD /* FastlaneTestUITests.xctest */;
			productType = "com.apple.product-type.bundle.ui-testing";
		};
/* End PBXNativeTarget section */

/* Begin PBXProject section */
		02FA1A8E1E76DC5700694C86 /* Project object */ = {
			isa = PBXProject;
			attributes = {
				LastSwiftUpdateCheck = 0820;
				LastUpgradeCheck = 0820;
				ORGANIZATIONNAME = "Krzysztof Kapitan";
				TargetAttributes = {
					02FA1A951E76DC5700694C86 = {
						CreatedOnToolsVersion = 8.2.1;
						ProvisioningStyle = Manual;
					};
					BEABE4CB1E7C11F700DB53FD = {
						CreatedOnToolsVersion = 8.2.1;
						ProvisioningStyle = Automatic;
						TestTargetID = 02FA1A951E76DC5700694C86;
					};
				};
			};
			buildConfigurationList = 02FA1A911E76DC5700694C86 /* Build configuration list for PBXProject "FastlaneTest" */;
			compatibilityVersion = "Xcode 3.2";
			developmentRegion = English;
			hasScannedForEncodings = 0;
			knownRegions = (
				en,
				Base,
			);
			mainGroup = 02FA1A8D1E76DC5700694C86;
			productRefGroup = 02FA1A971E76DC5700694C86 /* Products */;
			projectDirPath = "";
			projectRoot = "";
			targets = (
				02FA1A951E76DC5700694C86 /* FastlaneTest */,
				BEABE4CB1E7C11F700DB53FD /* FastlaneTestUITests */,
			);
		};
/* End PBXProject section */

/* Begin PBXResourcesBuildPhase section */
		02FA1A941E76DC5700694C86 /* Resources */ = {
			isa = PBXResourcesBuildPhase;
			buildActionMask = 2147483647;
			files = (
				02FA1AB71E76DD9600694C86 /* FastlaneTest-Release-Staging.xcconfig in Resources */,
				02FA1AB41E76DD9600694C86 /* FastlaneTest-Debug-Production.xcconfig in Resources */,
				02FA1AA41E76DC5700694C86 /* LaunchScreen.storyboard in Resources */,
				02FA1AB81E76DD9600694C86 /* FastlaneTest.xcconfig in Resources */,
				02FA1AB61E76DD9600694C86 /* FastlaneTest-Release-Production.xcconfig in Resources */,
				02FA1AA11E76DC5700694C86 /* Assets.xcassets in Resources */,
				02FA1AB51E76DD9600694C86 /* FastlaneTest-Debug-Staging.xcconfig in Resources */,
				02FA1A9F1E76DC5700694C86 /* Main.storyboard in Resources */,
			);
			runOnlyForDeploymentPostprocessing = 0;
		};
		BEABE4CA1E7C11F700DB53FD /* Resources */ = {
			isa = PBXResourcesBuildPhase;
			buildActionMask = 2147483647;
			files = (
			);
			runOnlyForDeploymentPostprocessing = 0;
		};
/* End PBXResourcesBuildPhase section */

/* Begin PBXSourcesBuildPhase section */
		02FA1A921E76DC5700694C86 /* Sources */ = {
			isa = PBXSourcesBuildPhase;
			buildActionMask = 2147483647;
			files = (
				02FA1A9C1E76DC5700694C86 /* ViewController.swift in Sources */,
				02FA1A9A1E76DC5700694C86 /* AppDelegate.swift in Sources */,
			);
			runOnlyForDeploymentPostprocessing = 0;
		};
		BEABE4C81E7C11F700DB53FD /* Sources */ = {
			isa = PBXSourcesBuildPhase;
			buildActionMask = 2147483647;
			files = (
				BEABE4CF1E7C11F700DB53FD /* FastlaneTestUITests.swift in Sources */,
				BEABE4D91E7C14EE00DB53FD /* SnapshotHelper.swift in Sources */,
			);
			runOnlyForDeploymentPostprocessing = 0;
		};
/* End PBXSourcesBuildPhase section */

/* Begin PBXTargetDependency section */
		BEABE4D21E7C11F700DB53FD /* PBXTargetDependency */ = {
			isa = PBXTargetDependency;
			target = 02FA1A951E76DC5700694C86 /* FastlaneTest */;
			targetProxy = BEABE4D11E7C11F700DB53FD /* PBXContainerItemProxy */;
		};
/* End PBXTargetDependency section */

/* Begin PBXVariantGroup section */
		02FA1A9D1E76DC5700694C86 /* Main.storyboard */ = {
			isa = PBXVariantGroup;
			children = (
				02FA1A9E1E76DC5700694C86 /* Base */,
				BED453891E7C1A100031025B /* de */,
				BED4538A1E7C1A470031025B /* it */,
				BED4538B1E7C1A590031025B /* pt-PT */,
				BED4538C1E7C1A700031025B /* pl */,
			);
			name = Main.storyboard;
			sourceTree = "<group>";
		};
		02FA1AA21E76DC5700694C86 /* LaunchScreen.storyboard */ = {
			isa = PBXVariantGroup;
			children = (
				02FA1AA31E76DC5700694C86 /* Base */,
			);
			name = LaunchScreen.storyboard;
			sourceTree = "<group>";
		};
/* End PBXVariantGroup section */

/* Begin XCBuildConfiguration section */
		02FA1AA61E76DC5700694C86 /* Debug-Staging */ = {
			isa = XCBuildConfiguration;
			baseConfigurationReference = 02FA1AB01E76DD9600694C86 /* FastlaneTest-Debug-Staging.xcconfig */;
			buildSettings = {
				ALWAYS_SEARCH_USER_PATHS = NO;
				CLANG_ANALYZER_LOCALIZABILITY_NONLOCALIZED = YES;
				CLANG_ANALYZER_NONNULL = YES;
				CLANG_CXX_LANGUAGE_STANDARD = "gnu++0x";
				CLANG_CXX_LIBRARY = "libc++";
				CLANG_ENABLE_MODULES = YES;
				CLANG_ENABLE_OBJC_ARC = YES;
				CLANG_WARN_BOOL_CONVERSION = YES;
				CLANG_WARN_CONSTANT_CONVERSION = YES;
				CLANG_WARN_DIRECT_OBJC_ISA_USAGE = YES_ERROR;
				CLANG_WARN_DOCUMENTATION_COMMENTS = YES;
				CLANG_WARN_EMPTY_BODY = YES;
				CLANG_WARN_ENUM_CONVERSION = YES;
				CLANG_WARN_INFINITE_RECURSION = YES;
				CLANG_WARN_INT_CONVERSION = YES;
				CLANG_WARN_OBJC_ROOT_CLASS = YES_ERROR;
				CLANG_WARN_SUSPICIOUS_MOVE = YES;
				CLANG_WARN_UNREACHABLE_CODE = YES;
				CLANG_WARN__DUPLICATE_METHOD_MATCH = YES;
				"CODE_SIGN_IDENTITY[sdk=iphoneos*]" = "iPhone Developer";
				COPY_PHASE_STRIP = NO;
				DEBUG_INFORMATION_FORMAT = dwarf;
				ENABLE_STRICT_OBJC_MSGSEND = YES;
				ENABLE_TESTABILITY = YES;
				GCC_C_LANGUAGE_STANDARD = gnu99;
				GCC_DYNAMIC_NO_PIC = NO;
				GCC_NO_COMMON_BLOCKS = YES;
				GCC_OPTIMIZATION_LEVEL = 0;
				GCC_PREPROCESSOR_DEFINITIONS = (
					"DEBUG=1",
					"$(inherited)",
				);
				GCC_WARN_64_TO_32_BIT_CONVERSION = YES;
				GCC_WARN_ABOUT_RETURN_TYPE = YES_ERROR;
				GCC_WARN_UNDECLARED_SELECTOR = YES;
				GCC_WARN_UNINITIALIZED_AUTOS = YES_AGGRESSIVE;
				GCC_WARN_UNUSED_FUNCTION = YES;
				GCC_WARN_UNUSED_VARIABLE = YES;
				IPHONEOS_DEPLOYMENT_TARGET = 10.2;
				MTL_ENABLE_DEBUG_INFO = YES;
				ONLY_ACTIVE_ARCH = YES;
				SDKROOT = iphoneos;
				SWIFT_ACTIVE_COMPILATION_CONDITIONS = DEBUG;
				SWIFT_OPTIMIZATION_LEVEL = "-Onone";
			};
			name = "Debug-Staging";
		};
		02FA1AA71E76DC5700694C86 /* Release-Staging */ = {
			isa = XCBuildConfiguration;
			baseConfigurationReference = 02FA1AB11E76DD9600694C86 /* FastlaneTest-Release-Production.xcconfig */;
			buildSettings = {
				ALWAYS_SEARCH_USER_PATHS = NO;
				CLANG_ANALYZER_LOCALIZABILITY_NONLOCALIZED = YES;
				CLANG_ANALYZER_NONNULL = YES;
				CLANG_CXX_LANGUAGE_STANDARD = "gnu++0x";
				CLANG_CXX_LIBRARY = "libc++";
				CLANG_ENABLE_MODULES = YES;
				CLANG_ENABLE_OBJC_ARC = YES;
				CLANG_WARN_BOOL_CONVERSION = YES;
				CLANG_WARN_CONSTANT_CONVERSION = YES;
				CLANG_WARN_DIRECT_OBJC_ISA_USAGE = YES_ERROR;
				CLANG_WARN_DOCUMENTATION_COMMENTS = YES;
				CLANG_WARN_EMPTY_BODY = YES;
				CLANG_WARN_ENUM_CONVERSION = YES;
				CLANG_WARN_INFINITE_RECURSION = YES;
				CLANG_WARN_INT_CONVERSION = YES;
				CLANG_WARN_OBJC_ROOT_CLASS = YES_ERROR;
				CLANG_WARN_SUSPICIOUS_MOVE = YES;
				CLANG_WARN_UNREACHABLE_CODE = YES;
				CLANG_WARN__DUPLICATE_METHOD_MATCH = YES;
				"CODE_SIGN_IDENTITY[sdk=iphoneos*]" = "iPhone Developer";
				COPY_PHASE_STRIP = NO;
				DEBUG_INFORMATION_FORMAT = "dwarf-with-dsym";
				ENABLE_NS_ASSERTIONS = NO;
				ENABLE_STRICT_OBJC_MSGSEND = YES;
				GCC_C_LANGUAGE_STANDARD = gnu99;
				GCC_NO_COMMON_BLOCKS = YES;
				GCC_WARN_64_TO_32_BIT_CONVERSION = YES;
				GCC_WARN_ABOUT_RETURN_TYPE = YES_ERROR;
				GCC_WARN_UNDECLARED_SELECTOR = YES;
				GCC_WARN_UNINITIALIZED_AUTOS = YES_AGGRESSIVE;
				GCC_WARN_UNUSED_FUNCTION = YES;
				GCC_WARN_UNUSED_VARIABLE = YES;
				IPHONEOS_DEPLOYMENT_TARGET = 10.2;
				MTL_ENABLE_DEBUG_INFO = NO;
				SDKROOT = iphoneos;
				SWIFT_OPTIMIZATION_LEVEL = "-Owholemodule";
				VALIDATE_PRODUCT = YES;
			};
			name = "Release-Staging";
		};
		02FA1AA91E76DC5700694C86 /* Debug-Staging */ = {
			isa = XCBuildConfiguration;
			baseConfigurationReference = 02FA1AB01E76DD9600694C86 /* FastlaneTest-Debug-Staging.xcconfig */;
			buildSettings = {
				ASSETCATALOG_COMPILER_APPICON_NAME = AppIcon;
				DEVELOPMENT_TEAM = "";
				INFOPLIST_FILE = FastlaneTest/Info.plist;
				LD_RUNPATH_SEARCH_PATHS = "$(inherited) @executable_path/Frameworks";
				PRODUCT_BUNDLE_IDENTIFIER = co.netguru.FastlaneTest.staging;
				PRODUCT_NAME = "$(TARGET_NAME)";
				SWIFT_VERSION = 3.0;
			};
			name = "Debug-Staging";
		};
		02FA1AAA1E76DC5700694C86 /* Release-Staging */ = {
			isa = XCBuildConfiguration;
			baseConfigurationReference = 02FA1AB21E76DD9600694C86 /* FastlaneTest-Release-Staging.xcconfig */;
			buildSettings = {
				ASSETCATALOG_COMPILER_APPICON_NAME = AppIcon;
				DEVELOPMENT_TEAM = "";
				INFOPLIST_FILE = FastlaneTest/Info.plist;
				LD_RUNPATH_SEARCH_PATHS = "$(inherited) @executable_path/Frameworks";
				PRODUCT_BUNDLE_IDENTIFIER = co.netguru.FastlaneTest.staging;
				PRODUCT_NAME = "$(TARGET_NAME)";
				PROVISIONING_PROFILE_SPECIFIER = "";
				SWIFT_VERSION = 3.0;
			};
			name = "Release-Staging";
		};
		02FA1AB91E76F26100694C86 /* Debug-Production */ = {
			isa = XCBuildConfiguration;
			baseConfigurationReference = 02FA1AAF1E76DD9600694C86 /* FastlaneTest-Debug-Production.xcconfig */;
			buildSettings = {
				ALWAYS_SEARCH_USER_PATHS = NO;
				CLANG_ANALYZER_LOCALIZABILITY_NONLOCALIZED = YES;
				CLANG_ANALYZER_NONNULL = YES;
				CLANG_CXX_LANGUAGE_STANDARD = "gnu++0x";
				CLANG_CXX_LIBRARY = "libc++";
				CLANG_ENABLE_MODULES = YES;
				CLANG_ENABLE_OBJC_ARC = YES;
				CLANG_WARN_BOOL_CONVERSION = YES;
				CLANG_WARN_CONSTANT_CONVERSION = YES;
				CLANG_WARN_DIRECT_OBJC_ISA_USAGE = YES_ERROR;
				CLANG_WARN_DOCUMENTATION_COMMENTS = YES;
				CLANG_WARN_EMPTY_BODY = YES;
				CLANG_WARN_ENUM_CONVERSION = YES;
				CLANG_WARN_INFINITE_RECURSION = YES;
				CLANG_WARN_INT_CONVERSION = YES;
				CLANG_WARN_OBJC_ROOT_CLASS = YES_ERROR;
				CLANG_WARN_SUSPICIOUS_MOVE = YES;
				CLANG_WARN_UNREACHABLE_CODE = YES;
				CLANG_WARN__DUPLICATE_METHOD_MATCH = YES;
				"CODE_SIGN_IDENTITY[sdk=iphoneos*]" = "iPhone Developer";
				COPY_PHASE_STRIP = NO;
				DEBUG_INFORMATION_FORMAT = dwarf;
				ENABLE_STRICT_OBJC_MSGSEND = YES;
				ENABLE_TESTABILITY = YES;
				GCC_C_LANGUAGE_STANDARD = gnu99;
				GCC_DYNAMIC_NO_PIC = NO;
				GCC_NO_COMMON_BLOCKS = YES;
				GCC_OPTIMIZATION_LEVEL = 0;
				GCC_PREPROCESSOR_DEFINITIONS = (
					"DEBUG=1",
					"$(inherited)",
				);
				GCC_WARN_64_TO_32_BIT_CONVERSION = YES;
				GCC_WARN_ABOUT_RETURN_TYPE = YES_ERROR;
				GCC_WARN_UNDECLARED_SELECTOR = YES;
				GCC_WARN_UNINITIALIZED_AUTOS = YES_AGGRESSIVE;
				GCC_WARN_UNUSED_FUNCTION = YES;
				GCC_WARN_UNUSED_VARIABLE = YES;
				IPHONEOS_DEPLOYMENT_TARGET = 10.2;
				MTL_ENABLE_DEBUG_INFO = YES;
				ONLY_ACTIVE_ARCH = YES;
				SDKROOT = iphoneos;
				SWIFT_ACTIVE_COMPILATION_CONDITIONS = DEBUG;
				SWIFT_OPTIMIZATION_LEVEL = "-Onone";
			};
			name = "Debug-Production";
		};
		02FA1ABA1E76F26100694C86 /* Debug-Production */ = {
			isa = XCBuildConfiguration;
			baseConfigurationReference = 02FA1AAF1E76DD9600694C86 /* FastlaneTest-Debug-Production.xcconfig */;
			buildSettings = {
				ASSETCATALOG_COMPILER_APPICON_NAME = AppIcon;
				DEVELOPMENT_TEAM = "";
				INFOPLIST_FILE = FastlaneTest/Info.plist;
				LD_RUNPATH_SEARCH_PATHS = "$(inherited) @executable_path/Frameworks";
				PRODUCT_BUNDLE_IDENTIFIER = co.netguru.FastlaneTest;
				PRODUCT_NAME = "$(TARGET_NAME)";
				SWIFT_VERSION = 3.0;
			};
			name = "Debug-Production";
		};
		02FA1ABB1E76F27A00694C86 /* Release-Production */ = {
			isa = XCBuildConfiguration;
			baseConfigurationReference = 02FA1AB11E76DD9600694C86 /* FastlaneTest-Release-Production.xcconfig */;
			buildSettings = {
				ALWAYS_SEARCH_USER_PATHS = NO;
				CLANG_ANALYZER_LOCALIZABILITY_NONLOCALIZED = YES;
				CLANG_ANALYZER_NONNULL = YES;
				CLANG_CXX_LANGUAGE_STANDARD = "gnu++0x";
				CLANG_CXX_LIBRARY = "libc++";
				CLANG_ENABLE_MODULES = YES;
				CLANG_ENABLE_OBJC_ARC = YES;
				CLANG_WARN_BOOL_CONVERSION = YES;
				CLANG_WARN_CONSTANT_CONVERSION = YES;
				CLANG_WARN_DIRECT_OBJC_ISA_USAGE = YES_ERROR;
				CLANG_WARN_DOCUMENTATION_COMMENTS = YES;
				CLANG_WARN_EMPTY_BODY = YES;
				CLANG_WARN_ENUM_CONVERSION = YES;
				CLANG_WARN_INFINITE_RECURSION = YES;
				CLANG_WARN_INT_CONVERSION = YES;
				CLANG_WARN_OBJC_ROOT_CLASS = YES_ERROR;
				CLANG_WARN_SUSPICIOUS_MOVE = YES;
				CLANG_WARN_UNREACHABLE_CODE = YES;
				CLANG_WARN__DUPLICATE_METHOD_MATCH = YES;
				"CODE_SIGN_IDENTITY[sdk=iphoneos*]" = "iPhone Developer";
				COPY_PHASE_STRIP = NO;
				DEBUG_INFORMATION_FORMAT = "dwarf-with-dsym";
				ENABLE_NS_ASSERTIONS = NO;
				ENABLE_STRICT_OBJC_MSGSEND = YES;
				GCC_C_LANGUAGE_STANDARD = gnu99;
				GCC_NO_COMMON_BLOCKS = YES;
				GCC_WARN_64_TO_32_BIT_CONVERSION = YES;
				GCC_WARN_ABOUT_RETURN_TYPE = YES_ERROR;
				GCC_WARN_UNDECLARED_SELECTOR = YES;
				GCC_WARN_UNINITIALIZED_AUTOS = YES_AGGRESSIVE;
				GCC_WARN_UNUSED_FUNCTION = YES;
				GCC_WARN_UNUSED_VARIABLE = YES;
				IPHONEOS_DEPLOYMENT_TARGET = 10.2;
				MTL_ENABLE_DEBUG_INFO = NO;
				SDKROOT = iphoneos;
				SWIFT_OPTIMIZATION_LEVEL = "-Owholemodule";
				VALIDATE_PRODUCT = YES;
			};
			name = "Release-Production";
		};
		02FA1ABC1E76F27A00694C86 /* Release-Production */ = {
			isa = XCBuildConfiguration;
			baseConfigurationReference = 02FA1AB11E76DD9600694C86 /* FastlaneTest-Release-Production.xcconfig */;
			buildSettings = {
				ASSETCATALOG_COMPILER_APPICON_NAME = AppIcon;
				DEVELOPMENT_TEAM = "";
				INFOPLIST_FILE = FastlaneTest/Info.plist;
				LD_RUNPATH_SEARCH_PATHS = "$(inherited) @executable_path/Frameworks";
				PRODUCT_BUNDLE_IDENTIFIER = co.netguru.FastlaneTest;
				PRODUCT_NAME = "$(TARGET_NAME)";
				PROVISIONING_PROFILE_SPECIFIER = "";
				SWIFT_VERSION = 3.0;
			};
			name = "Release-Production";
		};
		BEABE4D31E7C11F700DB53FD /* Debug-Staging */ = {
			isa = XCBuildConfiguration;
			buildSettings = {
				ALWAYS_SEARCH_USER_PATHS = NO;
				CLANG_ANALYZER_NONNULL = YES;
				CLANG_CXX_LANGUAGE_STANDARD = "gnu++0x";
				CLANG_CXX_LIBRARY = "libc++";
				CLANG_ENABLE_MODULES = YES;
				CLANG_ENABLE_OBJC_ARC = YES;
				CLANG_WARN_BOOL_CONVERSION = YES;
				CLANG_WARN_CONSTANT_CONVERSION = YES;
				CLANG_WARN_DIRECT_OBJC_ISA_USAGE = YES_ERROR;
				CLANG_WARN_DOCUMENTATION_COMMENTS = YES;
				CLANG_WARN_EMPTY_BODY = YES;
				CLANG_WARN_ENUM_CONVERSION = YES;
				CLANG_WARN_INFINITE_RECURSION = YES;
				CLANG_WARN_INT_CONVERSION = YES;
				CLANG_WARN_OBJC_ROOT_CLASS = YES_ERROR;
				CLANG_WARN_SUSPICIOUS_MOVE = YES;
				CLANG_WARN_UNREACHABLE_CODE = YES;
				CLANG_WARN__DUPLICATE_METHOD_MATCH = YES;
				"CODE_SIGN_IDENTITY[sdk=iphoneos*]" = "iPhone Developer";
				COPY_PHASE_STRIP = NO;
				DEBUG_INFORMATION_FORMAT = dwarf;
				ENABLE_STRICT_OBJC_MSGSEND = YES;
				ENABLE_TESTABILITY = YES;
				GCC_C_LANGUAGE_STANDARD = gnu99;
				GCC_DYNAMIC_NO_PIC = NO;
				GCC_NO_COMMON_BLOCKS = YES;
				GCC_OPTIMIZATION_LEVEL = 0;
				GCC_PREPROCESSOR_DEFINITIONS = (
					"DEBUG=1",
					"$(inherited)",
				);
				GCC_WARN_64_TO_32_BIT_CONVERSION = YES;
				GCC_WARN_ABOUT_RETURN_TYPE = YES_ERROR;
				GCC_WARN_UNDECLARED_SELECTOR = YES;
				GCC_WARN_UNINITIALIZED_AUTOS = YES_AGGRESSIVE;
				GCC_WARN_UNUSED_FUNCTION = YES;
				GCC_WARN_UNUSED_VARIABLE = YES;
				INFOPLIST_FILE = FastlaneTestUITests/Info.plist;
				IPHONEOS_DEPLOYMENT_TARGET = 10.2;
				LD_RUNPATH_SEARCH_PATHS = "$(inherited) @executable_path/Frameworks @loader_path/Frameworks";
				MTL_ENABLE_DEBUG_INFO = YES;
				ONLY_ACTIVE_ARCH = YES;
				PRODUCT_BUNDLE_IDENTIFIER = co.netguru.FastlaneTestUITests;
				PRODUCT_NAME = "$(TARGET_NAME)";
				SDKROOT = iphoneos;
				SWIFT_ACTIVE_COMPILATION_CONDITIONS = DEBUG;
				SWIFT_OPTIMIZATION_LEVEL = "-Onone";
				SWIFT_VERSION = 3.0;
				TEST_TARGET_NAME = FastlaneTest;
			};
			name = "Debug-Staging";
		};
		BEABE4D41E7C11F700DB53FD /* Debug-Production */ = {
			isa = XCBuildConfiguration;
			buildSettings = {
				ALWAYS_SEARCH_USER_PATHS = NO;
				CLANG_ANALYZER_NONNULL = YES;
				CLANG_CXX_LANGUAGE_STANDARD = "gnu++0x";
				CLANG_CXX_LIBRARY = "libc++";
				CLANG_ENABLE_MODULES = YES;
				CLANG_ENABLE_OBJC_ARC = YES;
				CLANG_WARN_BOOL_CONVERSION = YES;
				CLANG_WARN_CONSTANT_CONVERSION = YES;
				CLANG_WARN_DIRECT_OBJC_ISA_USAGE = YES_ERROR;
				CLANG_WARN_DOCUMENTATION_COMMENTS = YES;
				CLANG_WARN_EMPTY_BODY = YES;
				CLANG_WARN_ENUM_CONVERSION = YES;
				CLANG_WARN_INFINITE_RECURSION = YES;
				CLANG_WARN_INT_CONVERSION = YES;
				CLANG_WARN_OBJC_ROOT_CLASS = YES_ERROR;
				CLANG_WARN_SUSPICIOUS_MOVE = YES;
				CLANG_WARN_UNREACHABLE_CODE = YES;
				CLANG_WARN__DUPLICATE_METHOD_MATCH = YES;
				"CODE_SIGN_IDENTITY[sdk=iphoneos*]" = "iPhone Developer";
				COPY_PHASE_STRIP = NO;
				DEBUG_INFORMATION_FORMAT = dwarf;
				ENABLE_STRICT_OBJC_MSGSEND = YES;
				ENABLE_TESTABILITY = YES;
				GCC_C_LANGUAGE_STANDARD = gnu99;
				GCC_DYNAMIC_NO_PIC = NO;
				GCC_NO_COMMON_BLOCKS = YES;
				GCC_OPTIMIZATION_LEVEL = 0;
				GCC_PREPROCESSOR_DEFINITIONS = (
					"DEBUG=1",
					"$(inherited)",
				);
				GCC_WARN_64_TO_32_BIT_CONVERSION = YES;
				GCC_WARN_ABOUT_RETURN_TYPE = YES_ERROR;
				GCC_WARN_UNDECLARED_SELECTOR = YES;
				GCC_WARN_UNINITIALIZED_AUTOS = YES_AGGRESSIVE;
				GCC_WARN_UNUSED_FUNCTION = YES;
				GCC_WARN_UNUSED_VARIABLE = YES;
				INFOPLIST_FILE = FastlaneTestUITests/Info.plist;
				IPHONEOS_DEPLOYMENT_TARGET = 10.2;
				LD_RUNPATH_SEARCH_PATHS = "$(inherited) @executable_path/Frameworks @loader_path/Frameworks";
				MTL_ENABLE_DEBUG_INFO = YES;
				ONLY_ACTIVE_ARCH = YES;
				PRODUCT_BUNDLE_IDENTIFIER = co.netguru.FastlaneTestUITests;
				PRODUCT_NAME = "$(TARGET_NAME)";
				SDKROOT = iphoneos;
				SWIFT_ACTIVE_COMPILATION_CONDITIONS = DEBUG;
				SWIFT_OPTIMIZATION_LEVEL = "-Onone";
				SWIFT_VERSION = 3.0;
				TEST_TARGET_NAME = FastlaneTest;
			};
			name = "Debug-Production";
		};
		BEABE4D51E7C11F700DB53FD /* Release-Staging */ = {
			isa = XCBuildConfiguration;
			buildSettings = {
				ALWAYS_SEARCH_USER_PATHS = NO;
				CLANG_ANALYZER_NONNULL = YES;
				CLANG_CXX_LANGUAGE_STANDARD = "gnu++0x";
				CLANG_CXX_LIBRARY = "libc++";
				CLANG_ENABLE_MODULES = YES;
				CLANG_ENABLE_OBJC_ARC = YES;
				CLANG_WARN_BOOL_CONVERSION = YES;
				CLANG_WARN_CONSTANT_CONVERSION = YES;
				CLANG_WARN_DIRECT_OBJC_ISA_USAGE = YES_ERROR;
				CLANG_WARN_DOCUMENTATION_COMMENTS = YES;
				CLANG_WARN_EMPTY_BODY = YES;
				CLANG_WARN_ENUM_CONVERSION = YES;
				CLANG_WARN_INFINITE_RECURSION = YES;
				CLANG_WARN_INT_CONVERSION = YES;
				CLANG_WARN_OBJC_ROOT_CLASS = YES_ERROR;
				CLANG_WARN_SUSPICIOUS_MOVE = YES;
				CLANG_WARN_UNREACHABLE_CODE = YES;
				CLANG_WARN__DUPLICATE_METHOD_MATCH = YES;
				"CODE_SIGN_IDENTITY[sdk=iphoneos*]" = "iPhone Developer";
				COPY_PHASE_STRIP = NO;
				DEBUG_INFORMATION_FORMAT = "dwarf-with-dsym";
				ENABLE_NS_ASSERTIONS = NO;
				ENABLE_STRICT_OBJC_MSGSEND = YES;
				GCC_C_LANGUAGE_STANDARD = gnu99;
				GCC_NO_COMMON_BLOCKS = YES;
				GCC_WARN_64_TO_32_BIT_CONVERSION = YES;
				GCC_WARN_ABOUT_RETURN_TYPE = YES_ERROR;
				GCC_WARN_UNDECLARED_SELECTOR = YES;
				GCC_WARN_UNINITIALIZED_AUTOS = YES_AGGRESSIVE;
				GCC_WARN_UNUSED_FUNCTION = YES;
				GCC_WARN_UNUSED_VARIABLE = YES;
				INFOPLIST_FILE = FastlaneTestUITests/Info.plist;
				IPHONEOS_DEPLOYMENT_TARGET = 10.2;
				LD_RUNPATH_SEARCH_PATHS = "$(inherited) @executable_path/Frameworks @loader_path/Frameworks";
				MTL_ENABLE_DEBUG_INFO = NO;
				PRODUCT_BUNDLE_IDENTIFIER = co.netguru.FastlaneTestUITests;
				PRODUCT_NAME = "$(TARGET_NAME)";
				SDKROOT = iphoneos;
				SWIFT_OPTIMIZATION_LEVEL = "-Owholemodule";
				SWIFT_VERSION = 3.0;
				TEST_TARGET_NAME = FastlaneTest;
				VALIDATE_PRODUCT = YES;
			};
			name = "Release-Staging";
		};
		BEABE4D61E7C11F700DB53FD /* Release-Production */ = {
			isa = XCBuildConfiguration;
			buildSettings = {
				ALWAYS_SEARCH_USER_PATHS = NO;
				CLANG_ANALYZER_NONNULL = YES;
				CLANG_CXX_LANGUAGE_STANDARD = "gnu++0x";
				CLANG_CXX_LIBRARY = "libc++";
				CLANG_ENABLE_MODULES = YES;
				CLANG_ENABLE_OBJC_ARC = YES;
				CLANG_WARN_BOOL_CONVERSION = YES;
				CLANG_WARN_CONSTANT_CONVERSION = YES;
				CLANG_WARN_DIRECT_OBJC_ISA_USAGE = YES_ERROR;
				CLANG_WARN_DOCUMENTATION_COMMENTS = YES;
				CLANG_WARN_EMPTY_BODY = YES;
				CLANG_WARN_ENUM_CONVERSION = YES;
				CLANG_WARN_INFINITE_RECURSION = YES;
				CLANG_WARN_INT_CONVERSION = YES;
				CLANG_WARN_OBJC_ROOT_CLASS = YES_ERROR;
				CLANG_WARN_SUSPICIOUS_MOVE = YES;
				CLANG_WARN_UNREACHABLE_CODE = YES;
				CLANG_WARN__DUPLICATE_METHOD_MATCH = YES;
				"CODE_SIGN_IDENTITY[sdk=iphoneos*]" = "iPhone Developer";
				COPY_PHASE_STRIP = NO;
				DEBUG_INFORMATION_FORMAT = "dwarf-with-dsym";
				ENABLE_NS_ASSERTIONS = NO;
				ENABLE_STRICT_OBJC_MSGSEND = YES;
				GCC_C_LANGUAGE_STANDARD = gnu99;
				GCC_NO_COMMON_BLOCKS = YES;
				GCC_WARN_64_TO_32_BIT_CONVERSION = YES;
				GCC_WARN_ABOUT_RETURN_TYPE = YES_ERROR;
				GCC_WARN_UNDECLARED_SELECTOR = YES;
				GCC_WARN_UNINITIALIZED_AUTOS = YES_AGGRESSIVE;
				GCC_WARN_UNUSED_FUNCTION = YES;
				GCC_WARN_UNUSED_VARIABLE = YES;
				INFOPLIST_FILE = FastlaneTestUITests/Info.plist;
				IPHONEOS_DEPLOYMENT_TARGET = 10.2;
				LD_RUNPATH_SEARCH_PATHS = "$(inherited) @executable_path/Frameworks @loader_path/Frameworks";
				MTL_ENABLE_DEBUG_INFO = NO;
				PRODUCT_BUNDLE_IDENTIFIER = co.netguru.FastlaneTestUITests;
				PRODUCT_NAME = "$(TARGET_NAME)";
				SDKROOT = iphoneos;
				SWIFT_OPTIMIZATION_LEVEL = "-Owholemodule";
				SWIFT_VERSION = 3.0;
				TEST_TARGET_NAME = FastlaneTest;
				VALIDATE_PRODUCT = YES;
			};
			name = "Release-Production";
		};
/* End XCBuildConfiguration section */

/* Begin XCConfigurationList section */
		02FA1A911E76DC5700694C86 /* Build configuration list for PBXProject "FastlaneTest" */ = {
			isa = XCConfigurationList;
			buildConfigurations = (
				02FA1AA61E76DC5700694C86 /* Debug-Staging */,
				02FA1AB91E76F26100694C86 /* Debug-Production */,
				02FA1AA71E76DC5700694C86 /* Release-Staging */,
				02FA1ABB1E76F27A00694C86 /* Release-Production */,
			);
			defaultConfigurationIsVisible = 0;
			defaultConfigurationName = "Release-Staging";
		};
		02FA1AA81E76DC5700694C86 /* Build configuration list for PBXNativeTarget "FastlaneTest" */ = {
			isa = XCConfigurationList;
			buildConfigurations = (
				02FA1AA91E76DC5700694C86 /* Debug-Staging */,
				02FA1ABA1E76F26100694C86 /* Debug-Production */,
				02FA1AAA1E76DC5700694C86 /* Release-Staging */,
				02FA1ABC1E76F27A00694C86 /* Release-Production */,
			);
			defaultConfigurationIsVisible = 0;
			defaultConfigurationName = "Release-Staging";
		};
		BEABE4D71E7C11F700DB53FD /* Build configuration list for PBXNativeTarget "FastlaneTestUITests" */ = {
			isa = XCConfigurationList;
			buildConfigurations = (
				BEABE4D31E7C11F700DB53FD /* Debug-Staging */,
				BEABE4D41E7C11F700DB53FD /* Debug-Production */,
				BEABE4D51E7C11F700DB53FD /* Release-Staging */,
				BEABE4D61E7C11F700DB53FD /* Release-Production */,
			);
			defaultConfigurationIsVisible = 0;
			defaultConfigurationName = "Release-Staging";
		};
/* End XCConfigurationList section */
	};
	rootObject = 02FA1A8E1E76DC5700694C86 /* Project object */;
}
